
Microsoft Visual Studio Solution File, Format Version 12.00
# Visual Studio Version 16
VisualStudioVersion = 16.0.30320.27
MinimumVisualStudioVersion = 10.0.40219.1
Project("{FAE04EC0-301F-11D3-BF4B-00C04F79EFBC}") = "ChallengeOneTest", "ChallengeOneTest\ChallengeOneTest.csproj", "{A6BB41D6-899B-4237-8686-88BB8D779DC9}"
EndProject
Project("{FAE04EC0-301F-11D3-BF4B-00C04F79EFBC}") = "ChallengeOneRepository", "ChallengeOneRepository\ChallengeOneRepository.csproj", "{F5460350-B7EF-4FF4-8CEA-2EDA52751576}"
EndProject
Project("{FAE04EC0-301F-11D3-BF4B-00C04F79EFBC}") = "ChallengeOneUI", "MenuUserUI\ChallengeOneUI.csproj", "{7428D5FC-DF85-4C0A-82B4-5F8E15D95BCD}"
EndProject
Project("{FAE04EC0-301F-11D3-BF4B-00C04F79EFBC}") = "ChallengeTwoUI", "ChallengeTwoUI\ChallengeTwoUI.csproj", "{96936AC0-959E-4427-99BA-E662189DB0E1}"
EndProject
Project("{FAE04EC0-301F-11D3-BF4B-00C04F79EFBC}") = "ChallengeTwoRepo", "ChallengeTwoRepo\ChallengeTwoRepo.csproj", "{56881C90-82F7-4D76-8A86-9B8C98BEBE57}"
EndProject
Project("{FAE04EC0-301F-11D3-BF4B-00C04F79EFBC}") = "ChallengeTwoTest", "ChallengeTwoTest\ChallengeTwoTest.csproj", "{2284E590-4A21-44E8-9BB5-76A48709CC17}"
EndProject
Project("{FAE04EC0-301F-11D3-BF4B-00C04F79EFBC}") = "BennyTrials", "BennyTrials\BennyTrials.csproj", "{CC82834B-B8E7-4586-9677-C49BDB700A93}"
EndProject
Project("{FAE04EC0-301F-11D3-BF4B-00C04F79EFBC}") = "ChallengeThreeUI", "ChallengeThreeUI\ChallengeThreeUI.csproj", "{19D643E2-9FA2-4538-8E44-1E5B1B4ACEF0}"
EndProject
Project("{FAE04EC0-301F-11D3-BF4B-00C04F79EFBC}") = "ChallengeThreeRepo", "ChallengeThreeRepo\ChallengeThreeRepo.csproj", "{DA2914BD-02BE-4519-ABFD-D63079D9EFC1}"
EndProject
Project("{FAE04EC0-301F-11D3-BF4B-00C04F79EFBC}") = "ChallengeThreeTest", "ChallengeThreeTest\ChallengeThreeTest.csproj", "{879D7C83-9817-4968-B7AA-5D6BBC78574B}"
EndProject
Global
	GlobalSection(SolutionConfigurationPlatforms) = preSolution
		Debug|Any CPU = Debug|Any CPU
		Release|Any CPU = Release|Any CPU
	EndGlobalSection
	GlobalSection(ProjectConfigurationPlatforms) = postSolution
		{A6BB41D6-899B-4237-8686-88BB8D779DC9}.Debug|Any CPU.ActiveCfg = Debug|Any CPU
		{A6BB41D6-899B-4237-8686-88BB8D779DC9}.Debug|Any CPU.Build.0 = Debug|Any CPU
		{A6BB41D6-899B-4237-8686-88BB8D779DC9}.Release|Any CPU.ActiveCfg = Release|Any CPU
		{A6BB41D6-899B-4237-8686-88BB8D779DC9}.Release|Any CPU.Build.0 = Release|Any CPU
		{F5460350-B7EF-4FF4-8CEA-2EDA52751576}.Debug|Any CPU.ActiveCfg = Debug|Any CPU
		{F5460350-B7EF-4FF4-8CEA-2EDA52751576}.Debug|Any CPU.Build.0 = Debug|Any CPU
		{F5460350-B7EF-4FF4-8CEA-2EDA52751576}.Release|Any CPU.ActiveCfg = Release|Any CPU
		{F5460350-B7EF-4FF4-8CEA-2EDA52751576}.Release|Any CPU.Build.0 = Release|Any CPU
		{7428D5FC-DF85-4C0A-82B4-5F8E15D95BCD}.Debug|Any CPU.ActiveCfg = Debug|Any CPU
		{7428D5FC-DF85-4C0A-82B4-5F8E15D95BCD}.Debug|Any CPU.Build.0 = Debug|Any CPU
		{7428D5FC-DF85-4C0A-82B4-5F8E15D95BCD}.Release|Any CPU.ActiveCfg = Release|Any CPU
		{7428D5FC-DF85-4C0A-82B4-5F8E15D95BCD}.Release|Any CPU.Build.0 = Release|Any CPU
		{96936AC0-959E-4427-99BA-E662189DB0E1}.Debug|Any CPU.ActiveCfg = Debug|Any CPU
		{96936AC0-959E-4427-99BA-E662189DB0E1}.Debug|Any CPU.Build.0 = Debug|Any CPU
		{96936AC0-959E-4427-99BA-E662189DB0E1}.Release|Any CPU.ActiveCfg = Release|Any CPU
		{96936AC0-959E-4427-99BA-E662189DB0E1}.Release|Any CPU.Build.0 = Release|Any CPU
		{56881C90-82F7-4D76-8A86-9B8C98BEBE57}.Debug|Any CPU.ActiveCfg = Debug|Any CPU
		{56881C90-82F7-4D76-8A86-9B8C98BEBE57}.Debug|Any CPU.Build.0 = Debug|Any CPU
		{56881C90-82F7-4D76-8A86-9B8C98BEBE57}.Release|Any CPU.ActiveCfg = Release|Any CPU
		{56881C90-82F7-4D76-8A86-9B8C98BEBE57}.Release|Any CPU.Build.0 = Release|Any CPU
		{2284E590-4A21-44E8-9BB5-76A48709CC17}.Debug|Any CPU.ActiveCfg = Debug|Any CPU
		{2284E590-4A21-44E8-9BB5-76A48709CC17}.Debug|Any CPU.Build.0 = Debug|Any CPU
		{2284E590-4A21-44E8-9BB5-76A48709CC17}.Release|Any CPU.ActiveCfg = Release|Any CPU
		{2284E590-4A21-44E8-9BB5-76A48709CC17}.Release|Any CPU.Build.0 = Release|Any CPU
		{CC82834B-B8E7-4586-9677-C49BDB700A93}.Debug|Any CPU.ActiveCfg = Debug|Any CPU
		{CC82834B-B8E7-4586-9677-C49BDB700A93}.Debug|Any CPU.Build.0 = Debug|Any CPU
		{CC82834B-B8E7-4586-9677-C49BDB700A93}.Release|Any CPU.ActiveCfg = Release|Any CPU
		{CC82834B-B8E7-4586-9677-C49BDB700A93}.Release|Any CPU.Build.0 = Release|Any CPU
		{19D643E2-9FA2-4538-8E44-1E5B1B4ACEF0}.Debug|Any CPU.ActiveCfg = Debug|Any CPU
		{19D643E2-9FA2-4538-8E44-1E5B1B4ACEF0}.Debug|Any CPU.Build.0 = Debug|Any CPU
		{19D643E2-9FA2-4538-8E44-1E5B1B4ACEF0}.Release|Any CPU.ActiveCfg = Release|Any CPU
		{19D643E2-9FA2-4538-8E44-1E5B1B4ACEF0}.Release|Any CPU.Build.0 = Release|Any CPU
		{DA2914BD-02BE-4519-ABFD-D63079D9EFC1}.Debug|Any CPU.ActiveCfg = Debug|Any CPU
		{DA2914BD-02BE-4519-ABFD-D63079D9EFC1}.Debug|Any CPU.Build.0 = Debug|Any CPU
		{DA2914BD-02BE-4519-ABFD-D63079D9EFC1}.Release|Any CPU.ActiveCfg = Release|Any CPU
		{DA2914BD-02BE-4519-ABFD-D63079D9EFC1}.Release|Any CPU.Build.0 = Release|Any CPU
		{879D7C83-9817-4968-B7AA-5D6BBC78574B}.Debug|Any CPU.ActiveCfg = Debug|Any CPU
		{879D7C83-9817-4968-B7AA-5D6BBC78574B}.Debug|Any CPU.Build.0 = Debug|Any CPU
		{879D7C83-9817-4968-B7AA-5D6BBC78574B}.Release|Any CPU.ActiveCfg = Release|Any CPU
		{879D7C83-9817-4968-B7AA-5D6BBC78574B}.Release|Any CPU.Build.0 = Release|Any CPU
	EndGlobalSection
	GlobalSection(SolutionProperties) = preSolution
		HideSolutionNode = FALSE
	EndGlobalSection
	GlobalSection(ExtensibilityGlobals) = postSolution
		SolutionGuid = {77A1F223-B6B6-4FA7-9DB3-60F5A4ED7A14}
	EndGlobalSection
EndGlobal
