
Microsoft Visual Studio Solution File, Format Version 12.00
# Visual Studio Version 16
VisualStudioVersion = 16.0.30320.27
MinimumVisualStudioVersion = 10.0.40219.1
Project("{FAE04EC0-301F-11D3-BF4B-00C04F79EFBC}") = "Chalkkenge_One_Console", "Chalkkenge_One_Console\Chalkkenge_One_Console.csproj", "{DB82BFFE-2208-41CA-B309-E7815E2BD21A}"
EndProject
Global
	GlobalSection(SolutionConfigurationPlatforms) = preSolution
		Debug|Any CPU = Debug|Any CPU
		Release|Any CPU = Release|Any CPU
	EndGlobalSection
	GlobalSection(ProjectConfigurationPlatforms) = postSolution
		{DB82BFFE-2208-41CA-B309-E7815E2BD21A}.Debug|Any CPU.ActiveCfg = Debug|Any CPU
		{DB82BFFE-2208-41CA-B309-E7815E2BD21A}.Debug|Any CPU.Build.0 = Debug|Any CPU
		{DB82BFFE-2208-41CA-B309-E7815E2BD21A}.Release|Any CPU.ActiveCfg = Release|Any CPU
		{DB82BFFE-2208-41CA-B309-E7815E2BD21A}.Release|Any CPU.Build.0 = Release|Any CPU
	EndGlobalSection
	GlobalSection(SolutionProperties) = preSolution
		HideSolutionNode = FALSE
	EndGlobalSection
	GlobalSection(ExtensibilityGlobals) = postSolution
		SolutionGuid = {77A1F223-B6B6-4FA7-9DB3-60F5A4ED7A14}
	EndGlobalSection
EndGlobal
